
Microsoft Visual Studio Solution File, Format Version 12.00
# Visual Studio Version 17
VisualStudioVersion = 17.4.33122.133
MinimumVisualStudioVersion = 10.0.40219.1
Project("{FAE04EC0-301F-11D3-BF4B-00C04F79EFBC}") = "GUI", "DoAn1_Copy\GUI.csproj", "{E735D169-9A8F-4D78-B5B6-C920C5591338}"
EndProject
Project("{FAE04EC0-301F-11D3-BF4B-00C04F79EFBC}") = "BUS", "BUS\BUS.csproj", "{BB7D7A92-E03A-442A-93CC-83F9E2CE8121}"
EndProject
Project("{FAE04EC0-301F-11D3-BF4B-00C04F79EFBC}") = "DAL", "DAL\DAL.csproj", "{3B545B48-C5E8-4EEF-A212-735B60B043F7}"
EndProject
Project("{FAE04EC0-301F-11D3-BF4B-00C04F79EFBC}") = "DTO", "DTO\DTO.csproj", "{1A23DA86-C171-4F1F-90BB-55624BFE963C}"
EndProject
Global
	GlobalSection(SolutionConfigurationPlatforms) = preSolution
		Debug|Any CPU = Debug|Any CPU
		Release|Any CPU = Release|Any CPU
	EndGlobalSection
	GlobalSection(ProjectConfigurationPlatforms) = postSolution
		{E735D169-9A8F-4D78-B5B6-C920C5591338}.Debug|Any CPU.ActiveCfg = Debug|Any CPU
		{E735D169-9A8F-4D78-B5B6-C920C5591338}.Debug|Any CPU.Build.0 = Debug|Any CPU
		{E735D169-9A8F-4D78-B5B6-C920C5591338}.Release|Any CPU.ActiveCfg = Release|Any CPU
		{E735D169-9A8F-4D78-B5B6-C920C5591338}.Release|Any CPU.Build.0 = Release|Any CPU
		{BB7D7A92-E03A-442A-93CC-83F9E2CE8121}.Debug|Any CPU.ActiveCfg = Debug|Any CPU
		{BB7D7A92-E03A-442A-93CC-83F9E2CE8121}.Debug|Any CPU.Build.0 = Debug|Any CPU
		{BB7D7A92-E03A-442A-93CC-83F9E2CE8121}.Release|Any CPU.ActiveCfg = Release|Any CPU
		{BB7D7A92-E03A-442A-93CC-83F9E2CE8121}.Release|Any CPU.Build.0 = Release|Any CPU
		{3B545B48-C5E8-4EEF-A212-735B60B043F7}.Debug|Any CPU.ActiveCfg = Debug|Any CPU
		{3B545B48-C5E8-4EEF-A212-735B60B043F7}.Debug|Any CPU.Build.0 = Debug|Any CPU
		{3B545B48-C5E8-4EEF-A212-735B60B043F7}.Release|Any CPU.ActiveCfg = Release|Any CPU
		{3B545B48-C5E8-4EEF-A212-735B60B043F7}.Release|Any CPU.Build.0 = Release|Any CPU
		{1A23DA86-C171-4F1F-90BB-55624BFE963C}.Debug|Any CPU.ActiveCfg = Debug|Any CPU
		{1A23DA86-C171-4F1F-90BB-55624BFE963C}.Debug|Any CPU.Build.0 = Debug|Any CPU
		{1A23DA86-C171-4F1F-90BB-55624BFE963C}.Release|Any CPU.ActiveCfg = Release|Any CPU
		{1A23DA86-C171-4F1F-90BB-55624BFE963C}.Release|Any CPU.Build.0 = Release|Any CPU
	EndGlobalSection
	GlobalSection(SolutionProperties) = preSolution
		HideSolutionNode = FALSE
	EndGlobalSection
	GlobalSection(ExtensibilityGlobals) = postSolution
		SolutionGuid = {C52FC470-7800-4816-BA20-1057C1585ACA}
	EndGlobalSection
EndGlobal
